
Microsoft Visual Studio Solution File, Format Version 12.00
# Visual Studio Version 17
VisualStudioVersion = 17.10.34607.79
MinimumVisualStudioVersion = 10.0.40219.1
Project("{FAE04EC0-301F-11D3-BF4B-00C04F79EFBC}") = "CoffeeShop", "CoffeeShop\CoffeeShop.csproj", "{A1B4CC4A-E9D1-4395-8A4C-D7A7530CD3F7}"
EndProject
Global
	GlobalSection(SolutionConfigurationPlatforms) = preSolution
		Debug|Any CPU = Debug|Any CPU
		Release|Any CPU = Release|Any CPU
	EndGlobalSection
	GlobalSection(ProjectConfigurationPlatforms) = postSolution
		{A1B4CC4A-E9D1-4395-8A4C-D7A7530CD3F7}.Debug|Any CPU.ActiveCfg = Debug|Any CPU
		{A1B4CC4A-E9D1-4395-8A4C-D7A7530CD3F7}.Debug|Any CPU.Build.0 = Debug|Any CPU
		{A1B4CC4A-E9D1-4395-8A4C-D7A7530CD3F7}.Debug|Any CPU.Deploy.0 = Debug|Any CPU
		{A1B4CC4A-E9D1-4395-8A4C-D7A7530CD3F7}.Release|Any CPU.ActiveCfg = Release|Any CPU
		{A1B4CC4A-E9D1-4395-8A4C-D7A7530CD3F7}.Release|Any CPU.Build.0 = Release|Any CPU
		{A1B4CC4A-E9D1-4395-8A4C-D7A7530CD3F7}.Release|Any CPU.Deploy.0 = Release|Any CPU
	EndGlobalSection
	GlobalSection(SolutionProperties) = preSolution
		HideSolutionNode = FALSE
	EndGlobalSection
	GlobalSection(ExtensibilityGlobals) = postSolution
		SolutionGuid = {A32AFBBB-400E-4BF7-BCBB-DED298F43E54}
	EndGlobalSection
EndGlobal
